PODS:
  - bdk-rn (0.30.0):
    - React
  - boost (1.76.0)
  - DoubleConversion (1.1.6)
  - FBLazyVector (0.71.19)
  - FBReactNativeSpec (0.71.19):
    - RCT-Folly (= 2021.07.22.00)
    - RCTRequired (= 0.71.19)
    - RCTTypeSafety (= 0.71.19)
    - React-Core (= 0.71.19)
    - React-jsi (= 0.71.19)
    - ReactCommon/turbomodule/core (= 0.71.19)
  - Firebase/CoreOnly (10.20.0):
    - FirebaseCore (= 10.20.0)
  - Firebase/Crashlytics (10.20.0):
    - Firebase/CoreOnly
    - FirebaseCrashlytics (~> 10.20.0)
  - Firebase/Messaging (10.20.0):
    - Firebase/CoreOnly
    - FirebaseMessaging (~> 10.20.0)
  - FirebaseCore (10.20.0):
    - FirebaseCoreInternal (~> 10.0)
    - GoogleUtilities/Environment (~> 7.12)
    - GoogleUtilities/Logger (~> 7.12)
  - FirebaseCoreExtension (10.20.0):
    - FirebaseCore (~> 10.0)
  - FirebaseCoreInternal (10.22.0):
    - "GoogleUtilities/NSData+zlib (~> 7.8)"
  - FirebaseCrashlytics (10.20.0):
    - FirebaseCore (~> 10.5)
    - FirebaseInstallations (~> 10.0)
    - FirebaseSessions (~> 10.5)
    - GoogleDataTransport (~> 9.2)
    - GoogleUtilities/Environment (~> 7.8)
    - nanopb (< 2.30910.0, >= 2.30908.0)
    - PromisesObjC (~> 2.1)
  - FirebaseInstallations (10.29.0):
    - FirebaseCore (~> 10.0)
    - GoogleUtilities/Environment (~> 7.8)
    - GoogleUtilities/UserDefaults (~> 7.8)
    - PromisesObjC (~> 2.1)
  - FirebaseMessaging (10.20.0):
    - FirebaseCore (~> 10.0)
    - FirebaseInstallations (~> 10.0)
    - GoogleDataTransport (~> 9.3)
    - GoogleUtilities/AppDelegateSwizzler (~> 7.8)
    - GoogleUtilities/Environment (~> 7.8)
    - GoogleUtilities/Reachability (~> 7.8)
    - GoogleUtilities/UserDefaults (~> 7.8)
    - nanopb (< 2.30910.0, >= 2.30908.0)
  - FirebaseSessions (10.22.0):
    - FirebaseCore (~> 10.5)
    - FirebaseCoreExtension (~> 10.0)
    - FirebaseInstallations (~> 10.0)
    - GoogleDataTransport (~> 9.2)
    - GoogleUtilities/Environment (~> 7.10)
    - nanopb (< 2.30911.0, >= 2.30908.0)
    - PromisesSwift (~> 2.1)
  - fmt (6.2.1)
  - glog (0.3.5)
  - GoogleDataTransport (9.4.1):
    - GoogleUtilities/Environment (~> 7.7)
    - nanopb (< 2.30911.0, >= 2.30908.0)
    - PromisesObjC (< 3.0, >= 1.2)
  - GoogleUtilities/AppDelegateSwizzler (7.13.0):
    - GoogleUtilities/Environment
    - GoogleUtilities/Logger
    - GoogleUtilities/Network
    - GoogleUtilities/Privacy
  - GoogleUtilities/Environment (7.13.0):
    - GoogleUtilities/Privacy
    - PromisesObjC (< 3.0, >= 1.2)
  - GoogleUtilities/Logger (7.13.0):
    - GoogleUtilities/Environment
    - GoogleUtilities/Privacy
  - GoogleUtilities/Network (7.13.0):
    - GoogleUtilities/Logger
    - "GoogleUtilities/NSData+zlib"
    - GoogleUtilities/Privacy
    - GoogleUtilities/Reachability
  - "GoogleUtilities/NSData+zlib (7.13.0)":
    - GoogleUtilities/Privacy
  - GoogleUtilities/Privacy (7.13.0)
  - GoogleUtilities/Reachability (7.13.0):
    - GoogleUtilities/Logger
    - GoogleUtilities/Privacy
  - GoogleUtilities/UserDefaults (7.13.0):
    - GoogleUtilities/Logger
    - GoogleUtilities/Privacy
  - hermes-engine (0.71.19):
    - hermes-engine/Pre-built (= 0.71.19)
  - hermes-engine/Pre-built (0.71.19)
  - libevent (2.1.12)
  - MMKV (1.2.13):
    - MMKVCore (~> 1.2.13)
  - MMKVCore (1.2.16)
  - nanopb (2.30909.1):
    - nanopb/decode (= 2.30909.1)
    - nanopb/encode (= 2.30909.1)
  - nanopb/decode (2.30909.1)
  - nanopb/encode (2.30909.1)
  - PromisesObjC (2.4.0)
  - PromisesSwift (2.4.0):
    - PromisesObjC (= 2.4.0)
  - RCT-Folly (2021.07.22.00):
    - boost
    - DoubleConversion
    - fmt (~> 6.2.1)
    - glog
    - RCT-Folly/Default (= 2021.07.22.00)
  - RCT-Folly/Default (2021.07.22.00):
    - boost
    - DoubleConversion
    - fmt (~> 6.2.1)
    - glog
  - RCT-Folly/Futures (2021.07.22.00):
    - boost
    - DoubleConversion
    - fmt (~> 6.2.1)
    - glog
    - libevent
  - RCTRequired (0.71.19)
  - RCTTypeSafety (0.71.19):
    - FBLazyVector (= 0.71.19)
    - RCTRequired (= 0.71.19)
    - React-Core (= 0.71.19)
  - React (0.71.19):
    - React-Core (= 0.71.19)
    - React-Core/DevSupport (= 0.71.19)
    - React-Core/RCTWebSocket (= 0.71.19)
    - React-RCTActionSheet (= 0.71.19)
    - React-RCTAnimation (= 0.71.19)
    - React-RCTBlob (= 0.71.19)
    - React-RCTImage (= 0.71.19)
    - React-RCTLinking (= 0.71.19)
    - React-RCTNetwork (= 0.71.19)
    - React-RCTSettings (= 0.71.19)
    - React-RCTText (= 0.71.19)
    - React-RCTVibration (= 0.71.19)
  - React-callinvoker (0.71.19)
  - React-Codegen (0.71.19):
    - FBReactNativeSpec
    - hermes-engine
    - RCT-Folly
    - RCTRequired
    - RCTTypeSafety
    - React-Core
    - React-jsi
    - React-jsiexecutor
    - ReactCommon/turbomodule/bridging
    - ReactCommon/turbomodule/core
  - React-Core (0.71.19):
    - glog
    - hermes-engine
    - RCT-Folly (= 2021.07.22.00)
    - React-Core/Default (= 0.71.19)
    - React-cxxreact (= 0.71.19)
    - React-hermes
    - React-jsi (= 0.71.19)
    - React-jsiexecutor (= 0.71.19)
    - React-perflogger (= 0.71.19)
    - Yoga
  - React-Core/CoreModulesHeaders (0.71.19):
    - glog
    - hermes-engine
    - RCT-Folly (= 2021.07.22.00)
    - React-Core/Default
    - React-cxxreact (= 0.71.19)
    - React-hermes
    - React-jsi (= 0.71.19)
    - React-jsiexecutor (= 0.71.19)
    - React-perflogger (= 0.71.19)
    - Yoga
  - React-Core/Default (0.71.19):
    - glog
    - hermes-engine
    - RCT-Folly (= 2021.07.22.00)
    - React-cxxreact (= 0.71.19)
    - React-hermes
    - React-jsi (= 0.71.19)
    - React-jsiexecutor (= 0.71.19)
    - React-perflogger (= 0.71.19)
    - Yoga
  - React-Core/DevSupport (0.71.19):
    - glog
    - hermes-engine
    - RCT-Folly (= 2021.07.22.00)
    - React-Core/Default (= 0.71.19)
    - React-Core/RCTWebSocket (= 0.71.19)
    - React-cxxreact (= 0.71.19)
    - React-hermes
    - React-jsi (= 0.71.19)
    - React-jsiexecutor (= 0.71.19)
    - React-jsinspector (= 0.71.19)
    - React-perflogger (= 0.71.19)
    - Yoga
  - React-Core/RCTActionSheetHeaders (0.71.19):
    - glog
    - hermes-engine
    - RCT-Folly (= 2021.07.22.00)
    - React-Core/Default
    - React-cxxreact (= 0.71.19)
    - React-hermes
    - React-jsi (= 0.71.19)
    - React-jsiexecutor (= 0.71.19)
    - React-perflogger (= 0.71.19)
    - Yoga
  - React-Core/RCTAnimationHeaders (0.71.19):
    - glog
    - hermes-engine
    - RCT-Folly (= 2021.07.22.00)
    - React-Core/Default
    - React-cxxreact (= 0.71.19)
    - React-hermes
    - React-jsi (= 0.71.19)
    - React-jsiexecutor (= 0.71.19)
    - React-perflogger (= 0.71.19)
    - Yoga
  - React-Core/RCTBlobHeaders (0.71.19):
    - glog
    - hermes-engine
    - RCT-Folly (= 2021.07.22.00)
    - React-Core/Default
    - React-cxxreact (= 0.71.19)
    - React-hermes
    - React-jsi (= 0.71.19)
    - React-jsiexecutor (= 0.71.19)
    - React-perflogger (= 0.71.19)
    - Yoga
  - React-Core/RCTImageHeaders (0.71.19):
    - glog
    - hermes-engine
    - RCT-Folly (= 2021.07.22.00)
    - React-Core/Default
    - React-cxxreact (= 0.71.19)
    - React-hermes
    - React-jsi (= 0.71.19)
    - React-jsiexecutor (= 0.71.19)
    - React-perflogger (= 0.71.19)
    - Yoga
  - React-Core/RCTLinkingHeaders (0.71.19):
    - glog
    - hermes-engine
    - RCT-Folly (= 2021.07.22.00)
    - React-Core/Default
    - React-cxxreact (= 0.71.19)
    - React-hermes
    - React-jsi (= 0.71.19)
    - React-jsiexecutor (= 0.71.19)
    - React-perflogger (= 0.71.19)
    - Yoga
  - React-Core/RCTNetworkHeaders (0.71.19):
    - glog
    - hermes-engine
    - RCT-Folly (= 2021.07.22.00)
    - React-Core/Default
    - React-cxxreact (= 0.71.19)
    - React-hermes
    - React-jsi (= 0.71.19)
    - React-jsiexecutor (= 0.71.19)
    - React-perflogger (= 0.71.19)
    - Yoga
  - React-Core/RCTSettingsHeaders (0.71.19):
    - glog
    - hermes-engine
    - RCT-Folly (= 2021.07.22.00)
    - React-Core/Default
    - React-cxxreact (= 0.71.19)
    - React-hermes
    - React-jsi (= 0.71.19)
    - React-jsiexecutor (= 0.71.19)
    - React-perflogger (= 0.71.19)
    - Yoga
  - React-Core/RCTTextHeaders (0.71.19):
    - glog
    - hermes-engine
    - RCT-Folly (= 2021.07.22.00)
    - React-Core/Default
    - React-cxxreact (= 0.71.19)
    - React-hermes
    - React-jsi (= 0.71.19)
    - React-jsiexecutor (= 0.71.19)
    - React-perflogger (= 0.71.19)
    - Yoga
  - React-Core/RCTVibrationHeaders (0.71.19):
    - glog
    - hermes-engine
    - RCT-Folly (= 2021.07.22.00)
    - React-Core/Default
    - React-cxxreact (= 0.71.19)
    - React-hermes
    - React-jsi (= 0.71.19)
    - React-jsiexecutor (= 0.71.19)
    - React-perflogger (= 0.71.19)
    - Yoga
  - React-Core/RCTWebSocket (0.71.19):
    - glog
    - hermes-engine
    - RCT-Folly (= 2021.07.22.00)
    - React-Core/Default (= 0.71.19)
    - React-cxxreact (= 0.71.19)
    - React-hermes
    - React-jsi (= 0.71.19)
    - React-jsiexecutor (= 0.71.19)
    - React-perflogger (= 0.71.19)
    - Yoga
  - React-CoreModules (0.71.19):
    - RCT-Folly (= 2021.07.22.00)
    - RCTTypeSafety (= 0.71.19)
    - React-Codegen (= 0.71.19)
    - React-Core/CoreModulesHeaders (= 0.71.19)
    - React-jsi (= 0.71.19)
    - React-RCTBlob
    - React-RCTImage (= 0.71.19)
    - ReactCommon/turbomodule/core (= 0.71.19)
  - React-cxxreact (0.71.19):
    - boost (= 1.76.0)
    - DoubleConversion
    - glog
    - hermes-engine
    - RCT-Folly (= 2021.07.22.00)
    - React-callinvoker (= 0.71.19)
    - React-jsi (= 0.71.19)
    - React-jsinspector (= 0.71.19)
    - React-logger (= 0.71.19)
    - React-perflogger (= 0.71.19)
    - React-runtimeexecutor (= 0.71.19)
  - React-hermes (0.71.19):
    - DoubleConversion
    - glog
    - hermes-engine
    - RCT-Folly (= 2021.07.22.00)
    - RCT-Folly/Futures (= 2021.07.22.00)
    - React-cxxreact (= 0.71.19)
    - React-jsi
    - React-jsiexecutor (= 0.71.19)
    - React-jsinspector (= 0.71.19)
    - React-perflogger (= 0.71.19)
  - React-jsi (0.71.19):
    - boost (= 1.76.0)
    - DoubleConversion
    - glog
    - hermes-engine
    - RCT-Folly (= 2021.07.22.00)
  - React-jsiexecutor (0.71.19):
    - DoubleConversion
    - glog
    - hermes-engine
    - RCT-Folly (= 2021.07.22.00)
    - React-cxxreact (= 0.71.19)
    - React-jsi (= 0.71.19)
    - React-perflogger (= 0.71.19)
  - React-jsinspector (0.71.19)
  - React-logger (0.71.19):
    - glog
  - react-native-camera (4.2.1):
    - React-Core
    - react-native-camera/RCT (= 4.2.1)
    - react-native-camera/RN (= 4.2.1)
  - react-native-camera/RCT (4.2.1):
    - React-Core
  - react-native-camera/RN (4.2.1):
    - React-Core
  - react-native-cookies (6.2.1):
    - React-Core
  - react-native-document-picker (9.1.1):
    - React-Core
  - react-native-fast-openpgp (2.8.0):
    - RCT-Folly (= 2021.07.22.00)
    - React-Core
  - react-native-mmkv-storage (0.9.1):
    - MMKV (= 1.2.13)
    - React-Core
  - react-native-netinfo (9.4.1):
    - React-Core
  - react-native-pager-view (6.2.3):
    - RCT-Folly (= 2021.07.22.00)
    - React-Core
  - react-native-restart (0.0.27):
    - React-Core
  - react-native-safe-area-context (4.9.0):
    - React-Core
  - react-native-splash-screen (3.3.0):
    - React-Core
  - react-native-webview (13.8.1):
    - RCT-Folly (= 2021.07.22.00)
    - React-Core
  - React-perflogger (0.71.19)
  - React-RCTActionSheet (0.71.19):
    - React-Core/RCTActionSheetHeaders (= 0.71.19)
  - React-RCTAnimation (0.71.19):
    - RCT-Folly (= 2021.07.22.00)
    - RCTTypeSafety (= 0.71.19)
    - React-Codegen (= 0.71.19)
    - React-Core/RCTAnimationHeaders (= 0.71.19)
    - React-jsi (= 0.71.19)
    - ReactCommon/turbomodule/core (= 0.71.19)
  - React-RCTAppDelegate (0.71.19):
    - RCT-Folly
    - RCTRequired
    - RCTTypeSafety
    - React-Core
    - ReactCommon/turbomodule/core
  - React-RCTBlob (0.71.19):
    - hermes-engine
    - RCT-Folly (= 2021.07.22.00)
    - React-Codegen (= 0.71.19)
    - React-Core/RCTBlobHeaders (= 0.71.19)
    - React-Core/RCTWebSocket (= 0.71.19)
    - React-jsi (= 0.71.19)
    - React-RCTNetwork (= 0.71.19)
    - ReactCommon/turbomodule/core (= 0.71.19)
  - React-RCTImage (0.71.19):
    - RCT-Folly (= 2021.07.22.00)
    - RCTTypeSafety (= 0.71.19)
    - React-Codegen (= 0.71.19)
    - React-Core/RCTImageHeaders (= 0.71.19)
    - React-jsi (= 0.71.19)
    - React-RCTNetwork (= 0.71.19)
    - ReactCommon/turbomodule/core (= 0.71.19)
  - React-RCTLinking (0.71.19):
    - React-Codegen (= 0.71.19)
    - React-Core/RCTLinkingHeaders (= 0.71.19)
    - React-jsi (= 0.71.19)
    - ReactCommon/turbomodule/core (= 0.71.19)
  - React-RCTNetwork (0.71.19):
    - RCT-Folly (= 2021.07.22.00)
    - RCTTypeSafety (= 0.71.19)
    - React-Codegen (= 0.71.19)
    - React-Core/RCTNetworkHeaders (= 0.71.19)
    - React-jsi (= 0.71.19)
    - ReactCommon/turbomodule/core (= 0.71.19)
  - React-RCTSettings (0.71.19):
    - RCT-Folly (= 2021.07.22.00)
    - RCTTypeSafety (= 0.71.19)
    - React-Codegen (= 0.71.19)
    - React-Core/RCTSettingsHeaders (= 0.71.19)
    - React-jsi (= 0.71.19)
    - ReactCommon/turbomodule/core (= 0.71.19)
  - React-RCTText (0.71.19):
    - React-Core/RCTTextHeaders (= 0.71.19)
  - React-RCTVibration (0.71.19):
    - RCT-Folly (= 2021.07.22.00)
    - React-Codegen (= 0.71.19)
    - React-Core/RCTVibrationHeaders (= 0.71.19)
    - React-jsi (= 0.71.19)
    - ReactCommon/turbomodule/core (= 0.71.19)
  - React-runtimeexecutor (0.71.19):
    - React-jsi (= 0.71.19)
  - ReactCommon/turbomodule/bridging (0.71.19):
    - DoubleConversion
    - glog
    - hermes-engine
    - RCT-Folly (= 2021.07.22.00)
    - React-callinvoker (= 0.71.19)
    - React-Core (= 0.71.19)
    - React-cxxreact (= 0.71.19)
    - React-jsi (= 0.71.19)
    - React-logger (= 0.71.19)
    - React-perflogger (= 0.71.19)
  - ReactCommon/turbomodule/core (0.71.19):
    - DoubleConversion
    - glog
    - hermes-engine
    - RCT-Folly (= 2021.07.22.00)
    - React-callinvoker (= 0.71.19)
    - React-Core (= 0.71.19)
    - React-cxxreact (= 0.71.19)
    - React-jsi (= 0.71.19)
    - React-logger (= 0.71.19)
    - React-perflogger (= 0.71.19)
  - rn-notification-badge (0.0.1):
    - RCT-Folly (= 2021.07.22.00)
    - React-Core
  - RNCClipboard (1.13.2):
    - React-Core
  - RNDeviceInfo (10.13.1):
    - React-Core
  - RNFBApp (18.9.0):
    - Firebase/CoreOnly (= 10.20.0)
    - React-Core
  - RNFBCrashlytics (18.9.0):
    - Firebase/Crashlytics (= 10.20.0)
    - FirebaseCoreExtension (= 10.20.0)
    - React-Core
    - RNFBApp
  - RNFBMessaging (18.9.0):
    - Firebase/Messaging (= 10.20.0)
    - FirebaseCoreExtension (= 10.20.0)
    - React-Core
    - RNFBApp
  - RNFS (2.20.0):
    - React-Core
  - RNGestureHandler (2.15.0):
    - RCT-Folly (= 2021.07.22.00)
    - React-Core
  - RNPermissions (4.1.5):
    - React-Core
  - RNReanimated (3.8.1):
    - RCT-Folly (= 2021.07.22.00)
    - React-Core
    - ReactCommon/turbomodule/core
  - RNScreens (3.29.0):
    - RCT-Folly (= 2021.07.22.00)
    - React-Core
  - RNSecureRandom (1.0.1):
    - React
  - RNShare (10.2.1):
    - React-Core
  - RNSVG (13.9.0):
    - React-Core
  - Yoga (1.14.0)

DEPENDENCIES:
  - bdk-rn (from `../node_modules/bdk-rn`)
  - boost (from `../node_modules/react-native/third-party-podspecs/boost.podspec`)
  - DoubleConversion (from `../node_modules/react-native/third-party-podspecs/DoubleConversion.podspec`)
  - FBLazyVector (from `../node_modules/react-native/Libraries/FBLazyVector`)
  - FBReactNativeSpec (from `../node_modules/react-native/React/FBReactNativeSpec`)
  - glog (from `../node_modules/react-native/third-party-podspecs/glog.podspec`)
  - hermes-engine (from `../node_modules/react-native/sdks/hermes-engine/hermes-engine.podspec`)
  - libevent (~> 2.1.12)
  - RCT-Folly (from `../node_modules/react-native/third-party-podspecs/RCT-Folly.podspec`)
  - RCTRequired (from `../node_modules/react-native/Libraries/RCTRequired`)
  - RCTTypeSafety (from `../node_modules/react-native/Libraries/TypeSafety`)
  - React (from `../node_modules/react-native/`)
  - React-callinvoker (from `../node_modules/react-native/ReactCommon/callinvoker`)
  - React-Codegen (from `build/generated/ios`)
  - React-Core (from `../node_modules/react-native/`)
  - React-Core/RCTWebSocket (from `../node_modules/react-native/`)
  - React-CoreModules (from `../node_modules/react-native/React/CoreModules`)
  - React-cxxreact (from `../node_modules/react-native/ReactCommon/cxxreact`)
  - React-hermes (from `../node_modules/react-native/ReactCommon/hermes`)
  - React-jsi (from `../node_modules/react-native/ReactCommon/jsi`)
  - React-jsiexecutor (from `../node_modules/react-native/ReactCommon/jsiexecutor`)
  - React-jsinspector (from `../node_modules/react-native/ReactCommon/jsinspector`)
  - React-logger (from `../node_modules/react-native/ReactCommon/logger`)
  - react-native-camera (from `../node_modules/react-native-camera`)
  - "react-native-cookies (from `../node_modules/@react-native-cookies/cookies`)"
  - react-native-document-picker (from `../node_modules/react-native-document-picker`)
  - react-native-fast-openpgp (from `../node_modules/react-native-fast-openpgp`)
  - react-native-mmkv-storage (from `../node_modules/react-native-mmkv-storage`)
  - "react-native-netinfo (from `../node_modules/@react-native-community/netinfo`)"
  - react-native-pager-view (from `../node_modules/react-native-pager-view`)
  - react-native-restart (from `../node_modules/react-native-restart`)
  - react-native-safe-area-context (from `../node_modules/react-native-safe-area-context`)
  - react-native-splash-screen (from `../node_modules/react-native-splash-screen`)
  - react-native-webview (from `../node_modules/react-native-webview`)
  - React-perflogger (from `../node_modules/react-native/ReactCommon/reactperflogger`)
  - React-RCTActionSheet (from `../node_modules/react-native/Libraries/ActionSheetIOS`)
  - React-RCTAnimation (from `../node_modules/react-native/Libraries/NativeAnimation`)
  - React-RCTAppDelegate (from `../node_modules/react-native/Libraries/AppDelegate`)
  - React-RCTBlob (from `../node_modules/react-native/Libraries/Blob`)
  - React-RCTImage (from `../node_modules/react-native/Libraries/Image`)
  - React-RCTLinking (from `../node_modules/react-native/Libraries/LinkingIOS`)
  - React-RCTNetwork (from `../node_modules/react-native/Libraries/Network`)
  - React-RCTSettings (from `../node_modules/react-native/Libraries/Settings`)
  - React-RCTText (from `../node_modules/react-native/Libraries/Text`)
  - React-RCTVibration (from `../node_modules/react-native/Libraries/Vibration`)
  - React-runtimeexecutor (from `../node_modules/react-native/ReactCommon/runtimeexecutor`)
  - ReactCommon/turbomodule/core (from `../node_modules/react-native/ReactCommon`)
  - rn-notification-badge (from `../node_modules/rn-notification-badge`)
  - "RNCClipboard (from `../node_modules/@react-native-clipboard/clipboard`)"
  - RNDeviceInfo (from `../node_modules/react-native-device-info`)
  - "RNFBApp (from `../node_modules/@react-native-firebase/app`)"
  - "RNFBCrashlytics (from `../node_modules/@react-native-firebase/crashlytics`)"
  - "RNFBMessaging (from `../node_modules/@react-native-firebase/messaging`)"
  - RNFS (from `../node_modules/react-native-fs`)
  - RNGestureHandler (from `../node_modules/react-native-gesture-handler`)
  - RNPermissions (from `../node_modules/react-native-permissions`)
  - RNReanimated (from `../node_modules/react-native-reanimated`)
  - RNScreens (from `../node_modules/react-native-screens`)
  - RNSecureRandom (from `../node_modules/react-native-securerandom`)
  - RNShare (from `../node_modules/react-native-share`)
  - RNSVG (from `../node_modules/react-native-svg`)
  - Yoga (from `../node_modules/react-native/ReactCommon/yoga`)

SPEC REPOS:
  trunk:
    - Firebase
    - FirebaseCore
    - FirebaseCoreExtension
    - FirebaseCoreInternal
    - FirebaseCrashlytics
    - FirebaseInstallations
    - FirebaseMessaging
    - FirebaseSessions
    - fmt
    - GoogleDataTransport
    - GoogleUtilities
    - libevent
    - MMKV
    - MMKVCore
    - nanopb
    - PromisesObjC
    - PromisesSwift

EXTERNAL SOURCES:
  bdk-rn:
    :path: "../node_modules/bdk-rn"
  boost:
    :podspec: "../node_modules/react-native/third-party-podspecs/boost.podspec"
  DoubleConversion:
    :podspec: "../node_modules/react-native/third-party-podspecs/DoubleConversion.podspec"
  FBLazyVector:
    :path: "../node_modules/react-native/Libraries/FBLazyVector"
  FBReactNativeSpec:
    :path: "../node_modules/react-native/React/FBReactNativeSpec"
  glog:
    :podspec: "../node_modules/react-native/third-party-podspecs/glog.podspec"
  hermes-engine:
    :podspec: "../node_modules/react-native/sdks/hermes-engine/hermes-engine.podspec"
  RCT-Folly:
    :podspec: "../node_modules/react-native/third-party-podspecs/RCT-Folly.podspec"
  RCTRequired:
    :path: "../node_modules/react-native/Libraries/RCTRequired"
  RCTTypeSafety:
    :path: "../node_modules/react-native/Libraries/TypeSafety"
  React:
    :path: "../node_modules/react-native/"
  React-callinvoker:
    :path: "../node_modules/react-native/ReactCommon/callinvoker"
  React-Codegen:
    :path: build/generated/ios
  React-Core:
    :path: "../node_modules/react-native/"
  React-CoreModules:
    :path: "../node_modules/react-native/React/CoreModules"
  React-cxxreact:
    :path: "../node_modules/react-native/ReactCommon/cxxreact"
  React-hermes:
    :path: "../node_modules/react-native/ReactCommon/hermes"
  React-jsi:
    :path: "../node_modules/react-native/ReactCommon/jsi"
  React-jsiexecutor:
    :path: "../node_modules/react-native/ReactCommon/jsiexecutor"
  React-jsinspector:
    :path: "../node_modules/react-native/ReactCommon/jsinspector"
  React-logger:
    :path: "../node_modules/react-native/ReactCommon/logger"
  react-native-camera:
    :path: "../node_modules/react-native-camera"
  react-native-cookies:
    :path: "../node_modules/@react-native-cookies/cookies"
  react-native-document-picker:
    :path: "../node_modules/react-native-document-picker"
  react-native-fast-openpgp:
    :path: "../node_modules/react-native-fast-openpgp"
  react-native-mmkv-storage:
    :path: "../node_modules/react-native-mmkv-storage"
  react-native-netinfo:
    :path: "../node_modules/@react-native-community/netinfo"
  react-native-pager-view:
    :path: "../node_modules/react-native-pager-view"
  react-native-restart:
    :path: "../node_modules/react-native-restart"
  react-native-safe-area-context:
    :path: "../node_modules/react-native-safe-area-context"
  react-native-splash-screen:
    :path: "../node_modules/react-native-splash-screen"
  react-native-webview:
    :path: "../node_modules/react-native-webview"
  React-perflogger:
    :path: "../node_modules/react-native/ReactCommon/reactperflogger"
  React-RCTActionSheet:
    :path: "../node_modules/react-native/Libraries/ActionSheetIOS"
  React-RCTAnimation:
    :path: "../node_modules/react-native/Libraries/NativeAnimation"
  React-RCTAppDelegate:
    :path: "../node_modules/react-native/Libraries/AppDelegate"
  React-RCTBlob:
    :path: "../node_modules/react-native/Libraries/Blob"
  React-RCTImage:
    :path: "../node_modules/react-native/Libraries/Image"
  React-RCTLinking:
    :path: "../node_modules/react-native/Libraries/LinkingIOS"
  React-RCTNetwork:
    :path: "../node_modules/react-native/Libraries/Network"
  React-RCTSettings:
    :path: "../node_modules/react-native/Libraries/Settings"
  React-RCTText:
    :path: "../node_modules/react-native/Libraries/Text"
  React-RCTVibration:
    :path: "../node_modules/react-native/Libraries/Vibration"
  React-runtimeexecutor:
    :path: "../node_modules/react-native/ReactCommon/runtimeexecutor"
  ReactCommon:
    :path: "../node_modules/react-native/ReactCommon"
  rn-notification-badge:
    :path: "../node_modules/rn-notification-badge"
  RNCClipboard:
    :path: "../node_modules/@react-native-clipboard/clipboard"
  RNDeviceInfo:
    :path: "../node_modules/react-native-device-info"
  RNFBApp:
    :path: "../node_modules/@react-native-firebase/app"
  RNFBCrashlytics:
    :path: "../node_modules/@react-native-firebase/crashlytics"
  RNFBMessaging:
    :path: "../node_modules/@react-native-firebase/messaging"
  RNFS:
    :path: "../node_modules/react-native-fs"
  RNGestureHandler:
    :path: "../node_modules/react-native-gesture-handler"
  RNPermissions:
    :path: "../node_modules/react-native-permissions"
  RNReanimated:
    :path: "../node_modules/react-native-reanimated"
  RNScreens:
    :path: "../node_modules/react-native-screens"
  RNSecureRandom:
    :path: "../node_modules/react-native-securerandom"
  RNShare:
    :path: "../node_modules/react-native-share"
  RNSVG:
    :path: "../node_modules/react-native-svg"
  Yoga:
    :path: "../node_modules/react-native/ReactCommon/yoga"

SPEC CHECKSUMS:
  bdk-rn: cfbeb2b1e0c71a5a8650fa650d0c08843e074dec
  boost: 7dcd2de282d72e344012f7d6564d024930a6a440
  DoubleConversion: 5189b271737e1565bdce30deb4a08d647e3f5f54
  FBLazyVector: 038aa5ab388c9eec7a6a65b71596afd9ff99c949
  FBReactNativeSpec: 25c3e937fdcfe4d7c898449051e1f30b93cc99ce
  Firebase: 10c8cb12fb7ad2ae0c09ffc86cd9c1ab392a0031
  FirebaseCore: 28045c1560a2600d284b9c45a904fe322dc890b6
  FirebaseCoreExtension: 0659f035b88c5a7a15a9763c48c2e6ca8c0a2977
  FirebaseCoreInternal: bca337352024b18424a61e478460547d46c4c753
  FirebaseCrashlytics: 81530595edb6d99f1918f723a6c33766a24a4c86
  FirebaseInstallations: 913cf60d0400ebd5d6b63a28b290372ab44590dd
  FirebaseMessaging: 06c414a21b122396a26847c523d5c370f8325df5
  FirebaseSessions: cd97fb07674f3906619c871eefbd260a1546c9d3
  fmt: ff9d55029c625d3757ed641535fd4a75fedc7ce9
  glog: 04b94705f318337d7ead9e6d17c019bd9b1f6b1b
  GoogleDataTransport: 6c09b596d841063d76d4288cc2d2f42cc36e1e2a
  GoogleUtilities: d053d902a8edaa9904e1bd00c37535385b8ed152
  hermes-engine: 1468b458e81705fcd55ed6e29c32ff069f04b69c
  libevent: 4049cae6c81cdb3654a443be001fb9bdceff7913
  MMKV: aac95d817a100479445633f2b3ed8961b4ac5043
  MMKVCore: 9cfef4c48c6c46f66226fc2e4634d78490206a48
  nanopb: d4d75c12cd1316f4a64e3c6963f879ecd4b5e0d5
  PromisesObjC: f5707f49cb48b9636751c5b2e7d227e43fba9f47
  PromisesSwift: 9d77319bbe72ebf6d872900551f7eeba9bce2851
  RCT-Folly: 424b8c9a7a0b9ab2886ffe9c3b041ef628fd4fb1
  RCTRequired: 79b5f823c2b4b865451ba9ddb33c676786760ea8
  RCTTypeSafety: 4f6d5414413d8848923ccd448c4cef4b6ffcd403
  React: d277ab7d840987a460690fcbe979e9234785ad63
  React-callinvoker: 2d15c3bc682ef720a9a23428606aab643df74622
  React-Codegen: f00947eb19953c13e78c38d73233706e4d6f9bcb
  React-Core: b3d9f6a3a406fb3a6ee84f98df0a3e45df3aed99
  React-CoreModules: a70aed68d7cf8bb94f368cbfc8da02d9586e6a65
  React-cxxreact: 12d097fb82c333c4a193cd2cd2111b0295257453
  React-hermes: fa22fb2131e784d87105343833d88c1dc6971676
  React-jsi: a7a06cf56e5af973a35972aa57443629d5621aed
  React-jsiexecutor: 7263801e44e004967685dd40672bfcedcda00834
  React-jsinspector: e591d9ecb571456fc929ee10409d8847a442d6a7
  React-logger: 70ddbe0e07179c8adb94c4bffc36c6abc952d3d4
  react-native-camera: 3eae183c1d111103963f3dd913b65d01aef8110f
  react-native-cookies: f54fcded06bb0cda05c11d86788020b43528a26c
  react-native-document-picker: 3599b238843369026201d2ef466df53f77ae0452
  react-native-fast-openpgp: f768d66fa127b20c92546aee13aca4c6a2543b54
  react-native-mmkv-storage: cfb6854594cfdc5f7383a9e464bb025417d1721c
  react-native-netinfo: fefd4e98d75cbdd6e85fc530f7111a8afdf2b0c5
  react-native-pager-view: e26d35e382d86950c936f8917e3beb9188115ccc
  react-native-restart: 7595693413fe3ca15893702f2c8306c62a708162
  react-native-safe-area-context: b97eb6f9e3b7f437806c2ce5983f479f8eb5de4b
  react-native-splash-screen: 4312f786b13a81b5169ef346d76d33bc0c6dc457
  react-native-webview: bdc091de8cf7f8397653e30182efcd9f772e03b3
  React-perflogger: 0ba097528e325435aca94b32b5330f58f6acb6fb
  React-RCTActionSheet: 805b3a83f3dd7ae5a1213ea9df0ed748eeb74b85
  React-RCTAnimation: 2a0233681dee47e468302b8233652b35b68329cb
  React-RCTAppDelegate: 3171d94d0ce2ed7fcf982689cd6bbaf4a8721ce8
  React-RCTBlob: 8c6962fcab4a5a3d0078a3a4a98bb914a7703abf
  React-RCTImage: 015ce2b9d2ad78c24deee5c807d88574225974f3
  React-RCTLinking: 6dd57d2d99ecdf6ee016c5a742ed9b68cdc8680a
  React-RCTNetwork: f14e9681496cd394196c2417966769d10b45e674
  React-RCTSettings: ce9d4d7dda6ad00acb1460a1a3a286d7e4e950bd
  React-RCTText: 4cbca7004176dd0ed495afa60a3978acf040059d
  React-RCTVibration: 5b2bfab941e938ee5060acefdd7598077b394975
  React-runtimeexecutor: b9be1f58ce9a8b849cb8a37dd998f04ca97e3619
  ReactCommon: bb3d7051c9b8c58ee34f9af76f883bd0fd7c9c31
  rn-notification-badge: 236186abb544c486e0a1fbb479301eb9b7fb4694
  RNCClipboard: 60fed4b71560d7bfe40e9d35dea9762b024da86d
  RNDeviceInfo: 4f9c7cfd6b9db1b05eb919620a001cf35b536423
  RNFBApp: a3e139715386fe79a09c387f2dbeb6890eb05b39
  RNFBCrashlytics: e6d595ed2619e5e8ee3cdfd12c6a62e470280a03
  RNFBMessaging: a65862d8eba03cb6c838241bd328166504996894
  RNFS: 4ac0f0ea233904cb798630b3c077808c06931688
  RNGestureHandler: 7909c50383a18f0cb10ce1db7262b9a6da504c03
  RNPermissions: 9fa74223844f437bc309e112994859dc47194829
  RNReanimated: 4943d1e286130877c0539f053c3f36a22d8c66f5
  RNScreens: 3c5b9f4a9dcde752466854b6109b79c0e205dad3
  RNSecureRandom: 07efbdf2cd99efe13497433668e54acd7df49fef
  RNShare: 0fad69ae2d71de9d1f7b9a43acf876886a6cb99c
  RNSVG: 53c661b76829783cdaf9b7a57258f3d3b4c28315
  Yoga: d4f5b037672e6b68ba484c7cf7fe6790122df792

PODFILE CHECKSUM: c2d5b53abade6d15919dea1ce297cd84ed33cfa6

COCOAPODS: 1.16.2
